
Microsoft Visual Studio Solution File, Format Version 12.00
# Visual Studio Version 16
VisualStudioVersion = 16.0.30523.141
MinimumVisualStudioVersion = 10.0.40219.1
Project("{FAE04EC0-301F-11D3-BF4B-00C04F79EFBC}") = "Estudo_Vendas", "Estudo_Vendas\Estudo_Vendas.csproj", "{3A92360D-5FBC-4D19-9C06-5D533D8103B9}"
EndProject
Project("{2150E333-8FDC-42A3-9474-1A3956D46DE8}") = "src", "src", "{1BF67CD6-04E5-46E1-AD43-39287B3901AF}"
EndProject
Project("{2150E333-8FDC-42A3-9474-1A3956D46DE8}") = "1 - Web", "1 - Web", "{7350D3B8-5C3E-4519-883B-50584C11E84B}"
EndProject
Project("{2150E333-8FDC-42A3-9474-1A3956D46DE8}") = "2 - Services", "2 - Services", "{4064A6AE-47D1-4713-AC36-94C0FC44F41B}"
EndProject
Project("{2150E333-8FDC-42A3-9474-1A3956D46DE8}") = "3 - Application", "3 - Application", "{D2CEC793-05AB-4D05-A872-2E59DCBF8467}"
EndProject
Project("{2150E333-8FDC-42A3-9474-1A3956D46DE8}") = "4 - Domain", "4 - Domain", "{CCC10CB3-5644-49EE-BF8D-3ECBF071FF6F}"
EndProject
Project("{2150E333-8FDC-42A3-9474-1A3956D46DE8}") = "5 - Infra", "5 - Infra", "{5C7195E4-F728-4592-A916-5CE6AD06A440}"
EndProject
Project("{FAE04EC0-301F-11D3-BF4B-00C04F79EFBC}") = "API_Vendas", "API_Vendas\API_Vendas.csproj", "{BFCA3B8F-5CD7-4B9C-89D9-ABF37C347CD6}"
EndProject
Project("{FAE04EC0-301F-11D3-BF4B-00C04F79EFBC}") = "Vendas.Application", "Vendas.Application\Vendas.Application.csproj", "{9E2F41B9-5591-45C6-97A5-5C870F708A9C}"
EndProject
Project("{FAE04EC0-301F-11D3-BF4B-00C04F79EFBC}") = "Vendas.Domain", "Vendas.Domain\Vendas.Domain.csproj", "{F43C045E-2509-4D13-9868-9247F596EF5D}"
EndProject
Project("{2150E333-8FDC-42A3-9474-1A3956D46DE8}") = "5.1 - Data", "5.1 - Data", "{30DA9A55-83AE-4421-A08B-2E1EFAB5C9BD}"
EndProject
Project("{2150E333-8FDC-42A3-9474-1A3956D46DE8}") = "5.2 - CrossCutting", "5.2 - CrossCutting", "{5AC19D0E-B99F-41A4-B151-6700E8B9FDEB}"
EndProject
Project("{FAE04EC0-301F-11D3-BF4B-00C04F79EFBC}") = "Vendas.Infra.Data", "Vendas.Infra.Data\Vendas.Infra.Data.csproj", "{3559C8E8-4C4D-41D9-B428-1DC71648D93A}"
EndProject
Project("{FAE04EC0-301F-11D3-BF4B-00C04F79EFBC}") = "Venda.CrossCutting.Communication", "Venda.Infra.Communication\Venda.CrossCutting.Communication.csproj", "{BD9099F0-B1EC-484E-83BA-0A7514404210}"
EndProject
Project("{FAE04EC0-301F-11D3-BF4B-00C04F79EFBC}") = "Venda.CrossCutting.IoC", "Venda.Infra.IoC\Venda.CrossCutting.IoC.csproj", "{78BF68F1-FBF0-4592-8C50-ED91671D9E45}"
EndProject
Project("{FAE04EC0-301F-11D3-BF4B-00C04F79EFBC}") = "Venda.CrossCutting.Util", "Venda.Infra.Util\Venda.CrossCutting.Util.csproj", "{363D91E4-2283-42DE-B11A-FAEACF7E2952}"
EndProject
Global
	GlobalSection(SolutionConfigurationPlatforms) = preSolution
		Debug|Any CPU = Debug|Any CPU
		Release|Any CPU = Release|Any CPU
	EndGlobalSection
	GlobalSection(ProjectConfigurationPlatforms) = postSolution
		{3A92360D-5FBC-4D19-9C06-5D533D8103B9}.Debug|Any CPU.ActiveCfg = Debug|Any CPU
		{3A92360D-5FBC-4D19-9C06-5D533D8103B9}.Debug|Any CPU.Build.0 = Debug|Any CPU
		{3A92360D-5FBC-4D19-9C06-5D533D8103B9}.Release|Any CPU.ActiveCfg = Release|Any CPU
		{3A92360D-5FBC-4D19-9C06-5D533D8103B9}.Release|Any CPU.Build.0 = Release|Any CPU
		{BFCA3B8F-5CD7-4B9C-89D9-ABF37C347CD6}.Debug|Any CPU.ActiveCfg = Debug|Any CPU
		{BFCA3B8F-5CD7-4B9C-89D9-ABF37C347CD6}.Debug|Any CPU.Build.0 = Debug|Any CPU
		{BFCA3B8F-5CD7-4B9C-89D9-ABF37C347CD6}.Release|Any CPU.ActiveCfg = Release|Any CPU
		{BFCA3B8F-5CD7-4B9C-89D9-ABF37C347CD6}.Release|Any CPU.Build.0 = Release|Any CPU
		{9E2F41B9-5591-45C6-97A5-5C870F708A9C}.Debug|Any CPU.ActiveCfg = Debug|Any CPU
		{9E2F41B9-5591-45C6-97A5-5C870F708A9C}.Debug|Any CPU.Build.0 = Debug|Any CPU
		{9E2F41B9-5591-45C6-97A5-5C870F708A9C}.Release|Any CPU.ActiveCfg = Release|Any CPU
		{9E2F41B9-5591-45C6-97A5-5C870F708A9C}.Release|Any CPU.Build.0 = Release|Any CPU
		{F43C045E-2509-4D13-9868-9247F596EF5D}.Debug|Any CPU.ActiveCfg = Debug|Any CPU
		{F43C045E-2509-4D13-9868-9247F596EF5D}.Debug|Any CPU.Build.0 = Debug|Any CPU
		{F43C045E-2509-4D13-9868-9247F596EF5D}.Release|Any CPU.ActiveCfg = Release|Any CPU
		{F43C045E-2509-4D13-9868-9247F596EF5D}.Release|Any CPU.Build.0 = Release|Any CPU
		{3559C8E8-4C4D-41D9-B428-1DC71648D93A}.Debug|Any CPU.ActiveCfg = Debug|Any CPU
		{3559C8E8-4C4D-41D9-B428-1DC71648D93A}.Debug|Any CPU.Build.0 = Debug|Any CPU
		{3559C8E8-4C4D-41D9-B428-1DC71648D93A}.Release|Any CPU.ActiveCfg = Release|Any CPU
		{3559C8E8-4C4D-41D9-B428-1DC71648D93A}.Release|Any CPU.Build.0 = Release|Any CPU
		{BD9099F0-B1EC-484E-83BA-0A7514404210}.Debug|Any CPU.ActiveCfg = Debug|Any CPU
		{BD9099F0-B1EC-484E-83BA-0A7514404210}.Debug|Any CPU.Build.0 = Debug|Any CPU
		{BD9099F0-B1EC-484E-83BA-0A7514404210}.Release|Any CPU.ActiveCfg = Release|Any CPU
		{BD9099F0-B1EC-484E-83BA-0A7514404210}.Release|Any CPU.Build.0 = Release|Any CPU
		{78BF68F1-FBF0-4592-8C50-ED91671D9E45}.Debug|Any CPU.ActiveCfg = Debug|Any CPU
		{78BF68F1-FBF0-4592-8C50-ED91671D9E45}.Debug|Any CPU.Build.0 = Debug|Any CPU
		{78BF68F1-FBF0-4592-8C50-ED91671D9E45}.Release|Any CPU.ActiveCfg = Release|Any CPU
		{78BF68F1-FBF0-4592-8C50-ED91671D9E45}.Release|Any CPU.Build.0 = Release|Any CPU
		{363D91E4-2283-42DE-B11A-FAEACF7E2952}.Debug|Any CPU.ActiveCfg = Debug|Any CPU
		{363D91E4-2283-42DE-B11A-FAEACF7E2952}.Debug|Any CPU.Build.0 = Debug|Any CPU
		{363D91E4-2283-42DE-B11A-FAEACF7E2952}.Release|Any CPU.ActiveCfg = Release|Any CPU
		{363D91E4-2283-42DE-B11A-FAEACF7E2952}.Release|Any CPU.Build.0 = Release|Any CPU
	EndGlobalSection
	GlobalSection(SolutionProperties) = preSolution
		HideSolutionNode = FALSE
	EndGlobalSection
	GlobalSection(NestedProjects) = preSolution
		{3A92360D-5FBC-4D19-9C06-5D533D8103B9} = {7350D3B8-5C3E-4519-883B-50584C11E84B}
		{7350D3B8-5C3E-4519-883B-50584C11E84B} = {1BF67CD6-04E5-46E1-AD43-39287B3901AF}
		{4064A6AE-47D1-4713-AC36-94C0FC44F41B} = {1BF67CD6-04E5-46E1-AD43-39287B3901AF}
		{D2CEC793-05AB-4D05-A872-2E59DCBF8467} = {1BF67CD6-04E5-46E1-AD43-39287B3901AF}
		{CCC10CB3-5644-49EE-BF8D-3ECBF071FF6F} = {1BF67CD6-04E5-46E1-AD43-39287B3901AF}
		{5C7195E4-F728-4592-A916-5CE6AD06A440} = {1BF67CD6-04E5-46E1-AD43-39287B3901AF}
		{BFCA3B8F-5CD7-4B9C-89D9-ABF37C347CD6} = {4064A6AE-47D1-4713-AC36-94C0FC44F41B}
		{9E2F41B9-5591-45C6-97A5-5C870F708A9C} = {D2CEC793-05AB-4D05-A872-2E59DCBF8467}
		{F43C045E-2509-4D13-9868-9247F596EF5D} = {CCC10CB3-5644-49EE-BF8D-3ECBF071FF6F}
		{30DA9A55-83AE-4421-A08B-2E1EFAB5C9BD} = {5C7195E4-F728-4592-A916-5CE6AD06A440}
		{5AC19D0E-B99F-41A4-B151-6700E8B9FDEB} = {5C7195E4-F728-4592-A916-5CE6AD06A440}
		{3559C8E8-4C4D-41D9-B428-1DC71648D93A} = {30DA9A55-83AE-4421-A08B-2E1EFAB5C9BD}
		{BD9099F0-B1EC-484E-83BA-0A7514404210} = {5AC19D0E-B99F-41A4-B151-6700E8B9FDEB}
		{78BF68F1-FBF0-4592-8C50-ED91671D9E45} = {5AC19D0E-B99F-41A4-B151-6700E8B9FDEB}
		{363D91E4-2283-42DE-B11A-FAEACF7E2952} = {5AC19D0E-B99F-41A4-B151-6700E8B9FDEB}
	EndGlobalSection
	GlobalSection(ExtensibilityGlobals) = postSolution
		SolutionGuid = {ED979878-469F-45A8-A91D-5530FA51DF1B}
	EndGlobalSection
EndGlobal
